// !$*UTF8*$!
{
	archiveVersion = 1;
	classes = {
	};
	objectVersion = 56;
	objects = {

/* Begin PBXBuildFile section */
		0419BCCC2A325BD40079BFFF /* SignInVM.swift in Sources */ = {isa = PBXBuildFile; fileRef = 0419BCCB2A325BD40079BFFF /* SignInVM.swift */; };
		0419BCCE2A325D050079BFFF /* GoogleService-Info.plist in Resources */ = {isa = PBXBuildFile; fileRef = 0419BCCD2A325D050079BFFF /* GoogleService-Info.plist */; };
		0419BCD12A325DF80079BFFF /* FirebaseAnalytics in Frameworks */ = {isa = PBXBuildFile; productRef = 0419BCD02A325DF80079BFFF /* FirebaseAnalytics */; };
		0419BCD32A325DF80079BFFF /* FirebaseAnalyticsSwift in Frameworks */ = {isa = PBXBuildFile; productRef = 0419BCD22A325DF80079BFFF /* FirebaseAnalyticsSwift */; };
		0419BCD52A325DF80079BFFF /* FirebaseAuth in Frameworks */ = {isa = PBXBuildFile; productRef = 0419BCD42A325DF80079BFFF /* FirebaseAuth */; };
		0419BCD72A325DF80079BFFF /* FirebaseAuthCombine-Community in Frameworks */ = {isa = PBXBuildFile; productRef = 0419BCD62A325DF80079BFFF /* FirebaseAuthCombine-Community */; };
		0419BCD92A325DF80079BFFF /* FirebaseDatabase in Frameworks */ = {isa = PBXBuildFile; productRef = 0419BCD82A325DF80079BFFF /* FirebaseDatabase */; };
		0419BCDB2A325DF80079BFFF /* FirebaseDatabaseSwift in Frameworks */ = {isa = PBXBuildFile; productRef = 0419BCDA2A325DF80079BFFF /* FirebaseDatabaseSwift */; };
		0419BCDD2A325DF80079BFFF /* FirebaseFirestore in Frameworks */ = {isa = PBXBuildFile; productRef = 0419BCDC2A325DF80079BFFF /* FirebaseFirestore */; };
		0419BCDF2A325DF80079BFFF /* FirebaseFirestoreCombine-Community in Frameworks */ = {isa = PBXBuildFile; productRef = 0419BCDE2A325DF80079BFFF /* FirebaseFirestoreCombine-Community */; };
		0419BCE12A325DF80079BFFF /* FirebaseFirestoreSwift in Frameworks */ = {isa = PBXBuildFile; productRef = 0419BCE02A325DF80079BFFF /* FirebaseFirestoreSwift */; };
		0419BCE32A325DF80079BFFF /* FirebaseMessaging in Frameworks */ = {isa = PBXBuildFile; productRef = 0419BCE22A325DF80079BFFF /* FirebaseMessaging */; };
		0419BCE52A325DF80079BFFF /* FirebaseStorage in Frameworks */ = {isa = PBXBuildFile; productRef = 0419BCE42A325DF80079BFFF /* FirebaseStorage */; };
		0419BCE72A325DF80079BFFF /* FirebaseStorageCombine-Community in Frameworks */ = {isa = PBXBuildFile; productRef = 0419BCE62A325DF80079BFFF /* FirebaseStorageCombine-Community */; };
		0426DF3C2A2E717500BB5790 /* loginSwiftUIDemoApp.swift in Sources */ = {isa = PBXBuildFile; fileRef = 0426DF3B2A2E717500BB5790 /* loginSwiftUIDemoApp.swift */; };
		0426DF3E2A2E717500BB5790 /* SignInScreen.swift in Sources */ = {isa = PBXBuildFile; fileRef = 0426DF3D2A2E717500BB5790 /* SignInScreen.swift */; };
		0426DF402A2E717700BB5790 /* Assets.xcassets in Resources */ = {isa = PBXBuildFile; fileRef = 0426DF3F2A2E717700BB5790 /* Assets.xcassets */; };
		0426DF432A2E717700BB5790 /* Preview Assets.xcassets in Resources */ = {isa = PBXBuildFile; fileRef = 0426DF422A2E717700BB5790 /* Preview Assets.xcassets */; };
		0429BE3D2A37AB12002EF45F /* EditField.swift in Sources */ = {isa = PBXBuildFile; fileRef = 0429BE3C2A37AB12002EF45F /* EditField.swift */; };
		0429BE3F2A37ACBF002EF45F /* MainButton.swift in Sources */ = {isa = PBXBuildFile; fileRef = 0429BE3E2A37ACBF002EF45F /* MainButton.swift */; };
		0429BE412A37AE07002EF45F /* SignUpScreen.swift in Sources */ = {isa = PBXBuildFile; fileRef = 0429BE402A37AE07002EF45F /* SignUpScreen.swift */; };
		048A91032A41A3D70068BC16 /* TodoVM.swift in Sources */ = {isa = PBXBuildFile; fileRef = 048A91022A41A3D70068BC16 /* TodoVM.swift */; };
		048A91052A41A64D0068BC16 /* TodosScreen.swift in Sources */ = {isa = PBXBuildFile; fileRef = 048A91042A41A64D0068BC16 /* TodosScreen.swift */; };
		04C9B59A2A7A600C00F66DFE /* ContactsScreen.swift in Sources */ = {isa = PBXBuildFile; fileRef = 04C9B5992A7A600C00F66DFE /* ContactsScreen.swift */; };
		04C9B59C2A7A60A600F66DFE /* Entities.swift in Sources */ = {isa = PBXBuildFile; fileRef = 04C9B59B2A7A60A600F66DFE /* Entities.swift */; };
		04C9B59E2A7A967600F66DFE /* TabBar.swift in Sources */ = {isa = PBXBuildFile; fileRef = 04C9B59D2A7A967600F66DFE /* TabBar.swift */; };
		2A01BCCB2ACD5BE4007856FA /* ProfileScreen.swift in Sources */ = {isa = PBXBuildFile; fileRef = 2A01BCCA2ACD5BE4007856FA /* ProfileScreen.swift */; };
		2A04397F2A4CB50200881A44 /* CreateTodoScreen.swift in Sources */ = {isa = PBXBuildFile; fileRef = 2A04397E2A4CB50200881A44 /* CreateTodoScreen.swift */; };
		2A1ED8202AC55B33004E1B5E /* MessagesScreen.swift in Sources */ = {isa = PBXBuildFile; fileRef = 2A1ED81F2AC55B33004E1B5E /* MessagesScreen.swift */; };
		2A26F21E2ABA285E00D00E48 /* BaseListVM.swift in Sources */ = {isa = PBXBuildFile; fileRef = 2A26F21D2ABA285E00D00E48 /* BaseListVM.swift */; };
		2A2D62A32AB74E22005D0EAE /* Setting.swift in Sources */ = {isa = PBXBuildFile; fileRef = 2A2D62A22AB74E22005D0EAE /* Setting.swift */; };
		2A2D62A52AB74E48005D0EAE /* SettingsContent.swift in Sources */ = {isa = PBXBuildFile; fileRef = 2A2D62A42AB74E48005D0EAE /* SettingsContent.swift */; };
		2A2D62A72AB74E62005D0EAE /* SettingsRow.swift in Sources */ = {isa = PBXBuildFile; fileRef = 2A2D62A62AB74E62005D0EAE /* SettingsRow.swift */; };
		2A300DC32A9E79B000EC3EAF /* TemplateScreen.swift in Sources */ = {isa = PBXBuildFile; fileRef = 2A300DC22A9E79B000EC3EAF /* TemplateScreen.swift */; };
		2A3757732A3ADFB1007D11C4 /* NavigationRouter.swift in Sources */ = {isa = PBXBuildFile; fileRef = 2A3757722A3ADFB1007D11C4 /* NavigationRouter.swift */; };
		2A3848E72A38B9F5007FF32D /* SplashScreen.swift in Sources */ = {isa = PBXBuildFile; fileRef = 2A3848E62A38B9F5007FF32D /* SplashScreen.swift */; };
		2A639FA52AB7658A00EC9EBE /* LanguageSelectionView.swift in Sources */ = {isa = PBXBuildFile; fileRef = 2A639FA42AB7658A00EC9EBE /* LanguageSelectionView.swift */; };
		2A639FA92AB76C8A00EC9EBE /* SettingsView.swift in Sources */ = {isa = PBXBuildFile; fileRef = 2A639FA82AB76C8A00EC9EBE /* SettingsView.swift */; };
		2A7F406E2AA7B773005C7309 /* FollowButton.swift in Sources */ = {isa = PBXBuildFile; fileRef = 2A7F406D2AA7B773005C7309 /* FollowButton.swift */; };
		2A805B702AA11A0300CCBC50 /* FollowingScreen.swift in Sources */ = {isa = PBXBuildFile; fileRef = 2A805B6F2AA11A0300CCBC50 /* FollowingScreen.swift */; };
		2A882FAC2AD98FFC00FF45A3 /* Localizable.xcstrings in Resources */ = {isa = PBXBuildFile; fileRef = 2A882FAB2AD98FFC00FF45A3 /* Localizable.xcstrings */; };
		2A8A84972AB499020005101E /* EndlessList.swift in Sources */ = {isa = PBXBuildFile; fileRef = 2A8A84962AB499020005101E /* EndlessList.swift */; };
		2A8A84992AB4A22E0005101E /* CommonUserItem.swift in Sources */ = {isa = PBXBuildFile; fileRef = 2A8A84982AB4A22E0005101E /* CommonUserItem.swift */; };
		2AA4817E2AD2E6090069F7CA /* ConversationsScreen.swift in Sources */ = {isa = PBXBuildFile; fileRef = 2AA4817D2AD2E6090069F7CA /* ConversationsScreen.swift */; };
		2ACDAE632A817791002F34AB /* PasswordField.swift in Sources */ = {isa = PBXBuildFile; fileRef = 2ACDAE622A817791002F34AB /* PasswordField.swift */; };
		2ADE44F62A9538170007FC79 /* FollowersScreen.swift in Sources */ = {isa = PBXBuildFile; fileRef = 2ADE44F52A9538170007FC79 /* FollowersScreen.swift */; };
		2AE2393A2A9284FE00094099 /* NinaCTT.ttf in Resources */ = {isa = PBXBuildFile; fileRef = 2AE239392A9284FE00094099 /* NinaCTT.ttf */; };
/* End PBXBuildFile section */

/* Begin PBXFileReference section */
		0419BCCB2A325BD40079BFFF /* SignInVM.swift */ = {isa = PBXFileReference; lastKnownFileType = sourcecode.swift; path = SignInVM.swift; sourceTree = "<group>"; };
		0419BCCD2A325D050079BFFF /* GoogleService-Info.plist */ = {isa = PBXFileReference; fileEncoding = 4; lastKnownFileType = text.plist.xml; path = "GoogleService-Info.plist"; sourceTree = "<group>"; };
		0426DF382A2E717500BB5790 /* loginSwiftUIDemo.app */ = {isa = PBXFileReference; explicitFileType = wrapper.application; includeInIndex = 0; path = loginSwiftUIDemo.app; sourceTree = BUILT_PRODUCTS_DIR; };
		0426DF3B2A2E717500BB5790 /* loginSwiftUIDemoApp.swift */ = {isa = PBXFileReference; lastKnownFileType = sourcecode.swift; path = loginSwiftUIDemoApp.swift; sourceTree = "<group>"; };
		0426DF3D2A2E717500BB5790 /* SignInScreen.swift */ = {isa = PBXFileReference; lastKnownFileType = sourcecode.swift; path = SignInScreen.swift; sourceTree = "<group>"; };
		0426DF3F2A2E717700BB5790 /* Assets.xcassets */ = {isa = PBXFileReference; lastKnownFileType = folder.assetcatalog; path = Assets.xcassets; sourceTree = "<group>"; };
		0426DF422A2E717700BB5790 /* Preview Assets.xcassets */ = {isa = PBXFileReference; lastKnownFileType = folder.assetcatalog; path = "Preview Assets.xcassets"; sourceTree = "<group>"; };
		0429BE3C2A37AB12002EF45F /* EditField.swift */ = {isa = PBXFileReference; lastKnownFileType = sourcecode.swift; path = EditField.swift; sourceTree = "<group>"; };
		0429BE3E2A37ACBF002EF45F /* MainButton.swift */ = {isa = PBXFileReference; lastKnownFileType = sourcecode.swift; path = MainButton.swift; sourceTree = "<group>"; };
		0429BE402A37AE07002EF45F /* SignUpScreen.swift */ = {isa = PBXFileReference; lastKnownFileType = sourcecode.swift; path = SignUpScreen.swift; sourceTree = "<group>"; };
		048A91022A41A3D70068BC16 /* TodoVM.swift */ = {isa = PBXFileReference; lastKnownFileType = sourcecode.swift; path = TodoVM.swift; sourceTree = "<group>"; };
		048A91042A41A64D0068BC16 /* TodosScreen.swift */ = {isa = PBXFileReference; lastKnownFileType = sourcecode.swift; path = TodosScreen.swift; sourceTree = "<group>"; };
		04C9B5992A7A600C00F66DFE /* ContactsScreen.swift */ = {isa = PBXFileReference; lastKnownFileType = sourcecode.swift; path = ContactsScreen.swift; sourceTree = "<group>"; };
		04C9B59B2A7A60A600F66DFE /* Entities.swift */ = {isa = PBXFileReference; lastKnownFileType = sourcecode.swift; path = Entities.swift; sourceTree = "<group>"; };
		04C9B59D2A7A967600F66DFE /* TabBar.swift */ = {isa = PBXFileReference; lastKnownFileType = sourcecode.swift; path = TabBar.swift; sourceTree = "<group>"; };
		2A01BCCA2ACD5BE4007856FA /* ProfileScreen.swift */ = {isa = PBXFileReference; lastKnownFileType = sourcecode.swift; path = ProfileScreen.swift; sourceTree = "<group>"; };
		2A04397E2A4CB50200881A44 /* CreateTodoScreen.swift */ = {isa = PBXFileReference; lastKnownFileType = sourcecode.swift; path = CreateTodoScreen.swift; sourceTree = "<group>"; };
		2A1ED81F2AC55B33004E1B5E /* MessagesScreen.swift */ = {isa = PBXFileReference; lastKnownFileType = sourcecode.swift; path = MessagesScreen.swift; sourceTree = "<group>"; };
		2A26F21D2ABA285E00D00E48 /* BaseListVM.swift */ = {isa = PBXFileReference; lastKnownFileType = sourcecode.swift; path = BaseListVM.swift; sourceTree = "<group>"; };
		2A2D62A22AB74E22005D0EAE /* Setting.swift */ = {isa = PBXFileReference; lastKnownFileType = sourcecode.swift; path = Setting.swift; sourceTree = "<group>"; };
		2A2D62A42AB74E48005D0EAE /* SettingsContent.swift */ = {isa = PBXFileReference; lastKnownFileType = sourcecode.swift; path = SettingsContent.swift; sourceTree = "<group>"; };
		2A2D62A62AB74E62005D0EAE /* SettingsRow.swift */ = {isa = PBXFileReference; lastKnownFileType = sourcecode.swift; path = SettingsRow.swift; sourceTree = "<group>"; };
		2A300DC22A9E79B000EC3EAF /* TemplateScreen.swift */ = {isa = PBXFileReference; lastKnownFileType = sourcecode.swift; path = TemplateScreen.swift; sourceTree = "<group>"; };
		2A3757722A3ADFB1007D11C4 /* NavigationRouter.swift */ = {isa = PBXFileReference; lastKnownFileType = sourcecode.swift; path = NavigationRouter.swift; sourceTree = "<group>"; };
		2A3848E62A38B9F5007FF32D /* SplashScreen.swift */ = {isa = PBXFileReference; lastKnownFileType = sourcecode.swift; path = SplashScreen.swift; sourceTree = "<group>"; };
		2A639FA42AB7658A00EC9EBE /* LanguageSelectionView.swift */ = {isa = PBXFileReference; lastKnownFileType = sourcecode.swift; path = LanguageSelectionView.swift; sourceTree = "<group>"; };
		2A639FA82AB76C8A00EC9EBE /* SettingsView.swift */ = {isa = PBXFileReference; lastKnownFileType = sourcecode.swift; path = SettingsView.swift; sourceTree = "<group>"; };
		2A7F406D2AA7B773005C7309 /* FollowButton.swift */ = {isa = PBXFileReference; lastKnownFileType = sourcecode.swift; path = FollowButton.swift; sourceTree = "<group>"; };
		2A805B6F2AA11A0300CCBC50 /* FollowingScreen.swift */ = {isa = PBXFileReference; lastKnownFileType = sourcecode.swift; path = FollowingScreen.swift; sourceTree = "<group>"; };
		2A882FAB2AD98FFC00FF45A3 /* Localizable.xcstrings */ = {isa = PBXFileReference; lastKnownFileType = text.json.xcstrings; path = Localizable.xcstrings; sourceTree = "<group>"; };
		2A8A84962AB499020005101E /* EndlessList.swift */ = {isa = PBXFileReference; lastKnownFileType = sourcecode.swift; path = EndlessList.swift; sourceTree = "<group>"; };
		2A8A84982AB4A22E0005101E /* CommonUserItem.swift */ = {isa = PBXFileReference; lastKnownFileType = sourcecode.swift; path = CommonUserItem.swift; sourceTree = "<group>"; };
		2AA4817D2AD2E6090069F7CA /* ConversationsScreen.swift */ = {isa = PBXFileReference; lastKnownFileType = sourcecode.swift; path = ConversationsScreen.swift; sourceTree = "<group>"; };
		2ACDAE622A817791002F34AB /* PasswordField.swift */ = {isa = PBXFileReference; lastKnownFileType = sourcecode.swift; path = PasswordField.swift; sourceTree = "<group>"; };
		2ADE44F52A9538170007FC79 /* FollowersScreen.swift */ = {isa = PBXFileReference; lastKnownFileType = sourcecode.swift; path = FollowersScreen.swift; sourceTree = "<group>"; };
		2AE239392A9284FE00094099 /* NinaCTT.ttf */ = {isa = PBXFileReference; lastKnownFileType = file; path = NinaCTT.ttf; sourceTree = "<group>"; };
		2AE2393B2A9285BA00094099 /* Info.plist */ = {isa = PBXFileReference; lastKnownFileType = text.plist; path = Info.plist; sourceTree = "<group>"; };
/* End PBXFileReference section */

/* Begin PBXFrameworksBuildPhase section */
		0426DF352A2E717500BB5790 /* Frameworks */ = {
			isa = PBXFrameworksBuildPhase;
			buildActionMask = 2147483647;
			files = (
				0419BCDB2A325DF80079BFFF /* FirebaseDatabaseSwift in Frameworks */,
				0419BCDF2A325DF80079BFFF /* FirebaseFirestoreCombine-Community in Frameworks */,
				0419BCE32A325DF80079BFFF /* FirebaseMessaging in Frameworks */,
				0419BCD92A325DF80079BFFF /* FirebaseDatabase in Frameworks */,
				0419BCD32A325DF80079BFFF /* FirebaseAnalyticsSwift in Frameworks */,
				0419BCD52A325DF80079BFFF /* FirebaseAuth in Frameworks */,
				0419BCD12A325DF80079BFFF /* FirebaseAnalytics in Frameworks */,
				0419BCD72A325DF80079BFFF /* FirebaseAuthCombine-Community in Frameworks */,
				0419BCE52A325DF80079BFFF /* FirebaseStorage in Frameworks */,
				0419BCDD2A325DF80079BFFF /* FirebaseFirestore in Frameworks */,
				0419BCE72A325DF80079BFFF /* FirebaseStorageCombine-Community in Frameworks */,
				0419BCE12A325DF80079BFFF /* FirebaseFirestoreSwift in Frameworks */,
			);
			runOnlyForDeploymentPostprocessing = 0;
		};
/* End PBXFrameworksBuildPhase section */

/* Begin PBXGroup section */
		0426DF2F2A2E717500BB5790 = {
			isa = PBXGroup;
			children = (
				0426DF3A2A2E717500BB5790 /* loginSwiftUIDemo */,
				0426DF392A2E717500BB5790 /* Products */,
			);
			sourceTree = "<group>";
		};
		0426DF392A2E717500BB5790 /* Products */ = {
			isa = PBXGroup;
			children = (
				0426DF382A2E717500BB5790 /* loginSwiftUIDemo.app */,
			);
			name = Products;
			sourceTree = "<group>";
		};
		0426DF3A2A2E717500BB5790 /* loginSwiftUIDemo */ = {
			isa = PBXGroup;
			children = (
				2AE2393B2A9285BA00094099 /* Info.plist */,
				2A882FAB2AD98FFC00FF45A3 /* Localizable.xcstrings */,
				2A26F21C2ABA284100D00E48 /* Common */,
				2A2D62A12AB74E0C005D0EAE /* Settings */,
				2A7F406C2AA7B741005C7309 /* CustomElements */,
				2AE5B0AB2A686E9100F8703C /* Screens */,
				2AE5B0AA2A686E2500F8703C /* Services */,
				0426DF3B2A2E717500BB5790 /* loginSwiftUIDemoApp.swift */,
				04C9B59B2A7A60A600F66DFE /* Entities.swift */,
				0419BCCB2A325BD40079BFFF /* SignInVM.swift */,
				048A91022A41A3D70068BC16 /* TodoVM.swift */,
				2ACDAE622A817791002F34AB /* PasswordField.swift */,
				0419BCCD2A325D050079BFFF /* GoogleService-Info.plist */,
				0426DF3F2A2E717700BB5790 /* Assets.xcassets */,
				2AE239392A9284FE00094099 /* NinaCTT.ttf */,
				0426DF412A2E717700BB5790 /* Preview Content */,
			);
			path = loginSwiftUIDemo;
			sourceTree = "<group>";
		};
		0426DF412A2E717700BB5790 /* Preview Content */ = {
			isa = PBXGroup;
			children = (
				0426DF422A2E717700BB5790 /* Preview Assets.xcassets */,
			);
			path = "Preview Content";
			sourceTree = "<group>";
		};
		2A26F21C2ABA284100D00E48 /* Common */ = {
			isa = PBXGroup;
			children = (
				2A26F21D2ABA285E00D00E48 /* BaseListVM.swift */,
			);
			path = Common;
			sourceTree = "<group>";
		};
		2A2D62A12AB74E0C005D0EAE /* Settings */ = {
			isa = PBXGroup;
			children = (
				2A2D62A22AB74E22005D0EAE /* Setting.swift */,
				2A2D62A42AB74E48005D0EAE /* SettingsContent.swift */,
				2A2D62A62AB74E62005D0EAE /* SettingsRow.swift */,
				2A639FA42AB7658A00EC9EBE /* LanguageSelectionView.swift */,
				2A639FA82AB76C8A00EC9EBE /* SettingsView.swift */,
			);
			path = Settings;
			sourceTree = "<group>";
		};
		2A7F406C2AA7B741005C7309 /* CustomElements */ = {
			isa = PBXGroup;
			children = (
				0429BE3C2A37AB12002EF45F /* EditField.swift */,
				0429BE3E2A37ACBF002EF45F /* MainButton.swift */,
				2A7F406D2AA7B773005C7309 /* FollowButton.swift */,
				2A8A84962AB499020005101E /* EndlessList.swift */,
				2A8A84982AB4A22E0005101E /* CommonUserItem.swift */,
			);
			path = CustomElements;
			sourceTree = "<group>";
		};
		2AE5B0AA2A686E2500F8703C /* Services */ = {
			isa = PBXGroup;
			children = (
				2A3757722A3ADFB1007D11C4 /* NavigationRouter.swift */,
			);
			path = Services;
			sourceTree = "<group>";
		};
		2AE5B0AB2A686E9100F8703C /* Screens */ = {
			isa = PBXGroup;
			children = (
				2A3848E62A38B9F5007FF32D /* SplashScreen.swift */,
				0429BE402A37AE07002EF45F /* SignUpScreen.swift */,
				0426DF3D2A2E717500BB5790 /* SignInScreen.swift */,
				04C9B59D2A7A967600F66DFE /* TabBar.swift */,
				2AA4817D2AD2E6090069F7CA /* ConversationsScreen.swift */,
				2A1ED81F2AC55B33004E1B5E /* MessagesScreen.swift */,
				048A91042A41A64D0068BC16 /* TodosScreen.swift */,
				2A04397E2A4CB50200881A44 /* CreateTodoScreen.swift */,
				2A01BCCA2ACD5BE4007856FA /* ProfileScreen.swift */,
				04C9B5992A7A600C00F66DFE /* ContactsScreen.swift */,
				2ADE44F52A9538170007FC79 /* FollowersScreen.swift */,
				2A805B6F2AA11A0300CCBC50 /* FollowingScreen.swift */,
				2A300DC22A9E79B000EC3EAF /* TemplateScreen.swift */,
			);
			path = Screens;
			sourceTree = "<group>";
		};
/* End PBXGroup section */

/* Begin PBXNativeTarget section */
		0426DF372A2E717500BB5790 /* loginSwiftUIDemo */ = {
			isa = PBXNativeTarget;
			buildConfigurationList = 0426DF462A2E717700BB5790 /* Build configuration list for PBXNativeTarget "loginSwiftUIDemo" */;
			buildPhases = (
				0426DF342A2E717500BB5790 /* Sources */,
				0426DF352A2E717500BB5790 /* Frameworks */,
				0426DF362A2E717500BB5790 /* Resources */,
			);
			buildRules = (
			);
			dependencies = (
			);
			name = loginSwiftUIDemo;
			packageProductDependencies = (
				0419BCD02A325DF80079BFFF /* FirebaseAnalytics */,
				0419BCD22A325DF80079BFFF /* FirebaseAnalyticsSwift */,
				0419BCD42A325DF80079BFFF /* FirebaseAuth */,
				0419BCD62A325DF80079BFFF /* FirebaseAuthCombine-Community */,
				0419BCD82A325DF80079BFFF /* FirebaseDatabase */,
				0419BCDA2A325DF80079BFFF /* FirebaseDatabaseSwift */,
				0419BCDC2A325DF80079BFFF /* FirebaseFirestore */,
				0419BCDE2A325DF80079BFFF /* FirebaseFirestoreCombine-Community */,
				0419BCE02A325DF80079BFFF /* FirebaseFirestoreSwift */,
				0419BCE22A325DF80079BFFF /* FirebaseMessaging */,
				0419BCE42A325DF80079BFFF /* FirebaseStorage */,
				0419BCE62A325DF80079BFFF /* FirebaseStorageCombine-Community */,
			);
			productName = loginSwiftUIDemo;
			productReference = 0426DF382A2E717500BB5790 /* loginSwiftUIDemo.app */;
			productType = "com.apple.product-type.application";
		};
/* End PBXNativeTarget section */

/* Begin PBXProject section */
		0426DF302A2E717500BB5790 /* Project object */ = {
			isa = PBXProject;
			attributes = {
				BuildIndependentTargetsInParallel = 1;
				LastSwiftUpdateCheck = 1430;
				LastUpgradeCheck = 1430;
				TargetAttributes = {
					0426DF372A2E717500BB5790 = {
						CreatedOnToolsVersion = 14.3.1;
					};
				};
			};
			buildConfigurationList = 0426DF332A2E717500BB5790 /* Build configuration list for PBXProject "loginSwiftUIDemo" */;
			compatibilityVersion = "Xcode 14.0";
			developmentRegion = en;
			hasScannedForEncodings = 0;
			knownRegions = (
				en,
				Base,
				ru,
				uk,
			);
			mainGroup = 0426DF2F2A2E717500BB5790;
			packageReferences = (
				0419BCCF2A325DF80079BFFF /* XCRemoteSwiftPackageReference "firebase-ios-sdk" */,
			);
			productRefGroup = 0426DF392A2E717500BB5790 /* Products */;
			projectDirPath = "";
			projectRoot = "";
			targets = (
				0426DF372A2E717500BB5790 /* loginSwiftUIDemo */,
			);
		};
/* End PBXProject section */

/* Begin PBXResourcesBuildPhase section */
		0426DF362A2E717500BB5790 /* Resources */ = {
			isa = PBXResourcesBuildPhase;
			buildActionMask = 2147483647;
			files = (
				2AE2393A2A9284FE00094099 /* NinaCTT.ttf in Resources */,
				2A882FAC2AD98FFC00FF45A3 /* Localizable.xcstrings in Resources */,
				0426DF432A2E717700BB5790 /* Preview Assets.xcassets in Resources */,
				0426DF402A2E717700BB5790 /* Assets.xcassets in Resources */,
				0419BCCE2A325D050079BFFF /* GoogleService-Info.plist in Resources */,
			);
			runOnlyForDeploymentPostprocessing = 0;
		};
/* End PBXResourcesBuildPhase section */

/* Begin PBXSourcesBuildPhase section */
		0426DF342A2E717500BB5790 /* Sources */ = {
			isa = PBXSourcesBuildPhase;
			buildActionMask = 2147483647;
			files = (
				2A8A84992AB4A22E0005101E /* CommonUserItem.swift in Sources */,
				2A300DC32A9E79B000EC3EAF /* TemplateScreen.swift in Sources */,
				048A91032A41A3D70068BC16 /* TodoVM.swift in Sources */,
				0429BE3D2A37AB12002EF45F /* EditField.swift in Sources */,
				048A91052A41A64D0068BC16 /* TodosScreen.swift in Sources */,
				2A2D62A72AB74E62005D0EAE /* SettingsRow.swift in Sources */,
				2A04397F2A4CB50200881A44 /* CreateTodoScreen.swift in Sources */,
				2A2D62A32AB74E22005D0EAE /* Setting.swift in Sources */,
				0429BE412A37AE07002EF45F /* SignUpScreen.swift in Sources */,
				04C9B59C2A7A60A600F66DFE /* Entities.swift in Sources */,
				2A3757732A3ADFB1007D11C4 /* NavigationRouter.swift in Sources */,
				2A1ED8202AC55B33004E1B5E /* MessagesScreen.swift in Sources */,
				04C9B59A2A7A600C00F66DFE /* ContactsScreen.swift in Sources */,
				2A805B702AA11A0300CCBC50 /* FollowingScreen.swift in Sources */,
				2A3848E72A38B9F5007FF32D /* SplashScreen.swift in Sources */,
				0426DF3E2A2E717500BB5790 /* SignInScreen.swift in Sources */,
				2AA4817E2AD2E6090069F7CA /* ConversationsScreen.swift in Sources */,
				2A7F406E2AA7B773005C7309 /* FollowButton.swift in Sources */,
				0426DF3C2A2E717500BB5790 /* loginSwiftUIDemoApp.swift in Sources */,
				2A8A84972AB499020005101E /* EndlessList.swift in Sources */,
				2A639FA52AB7658A00EC9EBE /* LanguageSelectionView.swift in Sources */,
				0419BCCC2A325BD40079BFFF /* SignInVM.swift in Sources */,
				2A26F21E2ABA285E00D00E48 /* BaseListVM.swift in Sources */,
				0429BE3F2A37ACBF002EF45F /* MainButton.swift in Sources */,
				2ADE44F62A9538170007FC79 /* FollowersScreen.swift in Sources */,
				2ACDAE632A817791002F34AB /* PasswordField.swift in Sources */,
				2A01BCCB2ACD5BE4007856FA /* ProfileScreen.swift in Sources */,
				2A2D62A52AB74E48005D0EAE /* SettingsContent.swift in Sources */,
				04C9B59E2A7A967600F66DFE /* TabBar.swift in Sources */,
				2A639FA92AB76C8A00EC9EBE /* SettingsView.swift in Sources */,
			);
			runOnlyForDeploymentPostprocessing = 0;
		};
/* End PBXSourcesBuildPhase section */

/* Begin XCBuildConfiguration section */
		0426DF442A2E717700BB5790 /* Debug */ = {
			isa = XCBuildConfiguration;
			buildSettings = {
				ALWAYS_SEARCH_USER_PATHS = NO;
				CLANG_ANALYZER_NONNULL = YES;
				CLANG_ANALYZER_NUMBER_OBJECT_CONVERSION = YES_AGGRESSIVE;
				CLANG_CXX_LANGUAGE_STANDARD = "gnu++20";
				CLANG_ENABLE_MODULES = YES;
				CLANG_ENABLE_OBJC_ARC = YES;
				CLANG_ENABLE_OBJC_WEAK = YES;
				CLANG_WARN_BLOCK_CAPTURE_AUTORELEASING = YES;
				CLANG_WARN_BOOL_CONVERSION = YES;
				CLANG_WARN_COMMA = YES;
				CLANG_WARN_CONSTANT_CONVERSION = YES;
				CLANG_WARN_DEPRECATED_OBJC_IMPLEMENTATIONS = YES;
				CLANG_WARN_DIRECT_OBJC_ISA_USAGE = YES_ERROR;
				CLANG_WARN_DOCUMENTATION_COMMENTS = YES;
				CLANG_WARN_EMPTY_BODY = YES;
				CLANG_WARN_ENUM_CONVERSION = YES;
				CLANG_WARN_INFINITE_RECURSION = YES;
				CLANG_WARN_INT_CONVERSION = YES;
				CLANG_WARN_NON_LITERAL_NULL_CONVERSION = YES;
				CLANG_WARN_OBJC_IMPLICIT_RETAIN_SELF = YES;
				CLANG_WARN_OBJC_LITERAL_CONVERSION = YES;
				CLANG_WARN_OBJC_ROOT_CLASS = YES_ERROR;
				CLANG_WARN_QUOTED_INCLUDE_IN_FRAMEWORK_HEADER = YES;
				CLANG_WARN_RANGE_LOOP_ANALYSIS = YES;
				CLANG_WARN_STRICT_PROTOTYPES = YES;
				CLANG_WARN_SUSPICIOUS_MOVE = YES;
				CLANG_WARN_UNGUARDED_AVAILABILITY = YES_AGGRESSIVE;
				CLANG_WARN_UNREACHABLE_CODE = YES;
				CLANG_WARN__DUPLICATE_METHOD_MATCH = YES;
				COPY_PHASE_STRIP = NO;
				DEBUG_INFORMATION_FORMAT = dwarf;
				ENABLE_STRICT_OBJC_MSGSEND = YES;
				ENABLE_TESTABILITY = YES;
				GCC_C_LANGUAGE_STANDARD = gnu11;
				GCC_DYNAMIC_NO_PIC = NO;
				GCC_NO_COMMON_BLOCKS = YES;
				GCC_OPTIMIZATION_LEVEL = 0;
				GCC_PREPROCESSOR_DEFINITIONS = (
					"DEBUG=1",
					"$(inherited)",
				);
				GCC_WARN_64_TO_32_BIT_CONVERSION = YES;
				GCC_WARN_ABOUT_RETURN_TYPE = YES_ERROR;
				GCC_WARN_UNDECLARED_SELECTOR = YES;
				GCC_WARN_UNINITIALIZED_AUTOS = YES_AGGRESSIVE;
				GCC_WARN_UNUSED_FUNCTION = YES;
				GCC_WARN_UNUSED_VARIABLE = YES;
				IPHONEOS_DEPLOYMENT_TARGET = 16.4;
				MTL_ENABLE_DEBUG_INFO = INCLUDE_SOURCE;
				MTL_FAST_MATH = YES;
				ONLY_ACTIVE_ARCH = YES;
				SDKROOT = iphoneos;
				SWIFT_ACTIVE_COMPILATION_CONDITIONS = DEBUG;
				SWIFT_OPTIMIZATION_LEVEL = "-Onone";
			};
			name = Debug;
		};
		0426DF452A2E717700BB5790 /* Release */ = {
			isa = XCBuildConfiguration;
			buildSettings = {
				ALWAYS_SEARCH_USER_PATHS = NO;
				CLANG_ANALYZER_NONNULL = YES;
				CLANG_ANALYZER_NUMBER_OBJECT_CONVERSION = YES_AGGRESSIVE;
				CLANG_CXX_LANGUAGE_STANDARD = "gnu++20";
				CLANG_ENABLE_MODULES = YES;
				CLANG_ENABLE_OBJC_ARC = YES;
				CLANG_ENABLE_OBJC_WEAK = YES;
				CLANG_WARN_BLOCK_CAPTURE_AUTORELEASING = YES;
				CLANG_WARN_BOOL_CONVERSION = YES;
				CLANG_WARN_COMMA = YES;
				CLANG_WARN_CONSTANT_CONVERSION = YES;
				CLANG_WARN_DEPRECATED_OBJC_IMPLEMENTATIONS = YES;
				CLANG_WARN_DIRECT_OBJC_ISA_USAGE = YES_ERROR;
				CLANG_WARN_DOCUMENTATION_COMMENTS = YES;
				CLANG_WARN_EMPTY_BODY = YES;
				CLANG_WARN_ENUM_CONVERSION = YES;
				CLANG_WARN_INFINITE_RECURSION = YES;
				CLANG_WARN_INT_CONVERSION = YES;
				CLANG_WARN_NON_LITERAL_NULL_CONVERSION = YES;
				CLANG_WARN_OBJC_IMPLICIT_RETAIN_SELF = YES;
				CLANG_WARN_OBJC_LITERAL_CONVERSION = YES;
				CLANG_WARN_OBJC_ROOT_CLASS = YES_ERROR;
				CLANG_WARN_QUOTED_INCLUDE_IN_FRAMEWORK_HEADER = YES;
				CLANG_WARN_RANGE_LOOP_ANALYSIS = YES;
				CLANG_WARN_STRICT_PROTOTYPES = YES;
				CLANG_WARN_SUSPICIOUS_MOVE = YES;
				CLANG_WARN_UNGUARDED_AVAILABILITY = YES_AGGRESSIVE;
				CLANG_WARN_UNREACHABLE_CODE = YES;
				CLANG_WARN__DUPLICATE_METHOD_MATCH = YES;
				COPY_PHASE_STRIP = NO;
				DEBUG_INFORMATION_FORMAT = "dwarf-with-dsym";
				ENABLE_NS_ASSERTIONS = NO;
				ENABLE_STRICT_OBJC_MSGSEND = YES;
				GCC_C_LANGUAGE_STANDARD = gnu11;
				GCC_NO_COMMON_BLOCKS = YES;
				GCC_WARN_64_TO_32_BIT_CONVERSION = YES;
				GCC_WARN_ABOUT_RETURN_TYPE = YES_ERROR;
				GCC_WARN_UNDECLARED_SELECTOR = YES;
				GCC_WARN_UNINITIALIZED_AUTOS = YES_AGGRESSIVE;
				GCC_WARN_UNUSED_FUNCTION = YES;
				GCC_WARN_UNUSED_VARIABLE = YES;
				IPHONEOS_DEPLOYMENT_TARGET = 16.4;
				MTL_ENABLE_DEBUG_INFO = NO;
				MTL_FAST_MATH = YES;
				SDKROOT = iphoneos;
				SWIFT_COMPILATION_MODE = wholemodule;
				SWIFT_OPTIMIZATION_LEVEL = "-O";
				VALIDATE_PRODUCT = YES;
			};
			name = Release;
		};
		0426DF472A2E717700BB5790 /* Debug */ = {
			isa = XCBuildConfiguration;
			buildSettings = {
				ASSETCATALOG_COMPILER_APPICON_NAME = AppIcon;
				ASSETCATALOG_COMPILER_GLOBAL_ACCENT_COLOR_NAME = AccentColor;
				CODE_SIGN_STYLE = Automatic;
				CURRENT_PROJECT_VERSION = 1;
				DEVELOPMENT_ASSET_PATHS = "\"loginSwiftUIDemo/Preview Content\"";
				DEVELOPMENT_TEAM = 7328NRHXBW;
				ENABLE_PREVIEWS = YES;
				GENERATE_INFOPLIST_FILE = YES;
				INFOPLIST_FILE = loginSwiftUIDemo/Info.plist;
				INFOPLIST_KEY_UIApplicationSceneManifest_Generation = YES;
				INFOPLIST_KEY_UIApplicationSupportsIndirectInputEvents = YES;
				INFOPLIST_KEY_UILaunchScreen_Generation = YES;
				INFOPLIST_KEY_UISupportedInterfaceOrientations_iPad = "UIInterfaceOrientationPortrait UIInterfaceOrientationPortraitUpsideDown UIInterfaceOrientationLandscapeLeft UIInterfaceOrientationLandscapeRight";
				INFOPLIST_KEY_UISupportedInterfaceOrientations_iPhone = "UIInterfaceOrientationPortrait UIInterfaceOrientationLandscapeLeft UIInterfaceOrientationLandscapeRight";
				IPHONEOS_DEPLOYMENT_TARGET = 16.0;
				LD_RUNPATH_SEARCH_PATHS = (
					"$(inherited)",
					"@executable_path/Frameworks",
				);
				MARKETING_VERSION = 1.0;
				PRODUCT_BUNDLE_IDENTIFIER = swiftUiDemo.loginSwiftUIDemo;
				PRODUCT_NAME = "$(TARGET_NAME)";
				SWIFT_EMIT_LOC_STRINGS = YES;
				SWIFT_VERSION = 5.0;
				TARGETED_DEVICE_FAMILY = "1,2";
			};
			name = Debug;
		};
		0426DF482A2E717700BB5790 /* Release */ = {
			isa = XCBuildConfiguration;
			buildSettings = {
				ASSETCATALOG_COMPILER_APPICON_NAME = AppIcon;
				ASSETCATALOG_COMPILER_GLOBAL_ACCENT_COLOR_NAME = AccentColor;
				CODE_SIGN_STYLE = Automatic;
				CURRENT_PROJECT_VERSION = 1;
				DEVELOPMENT_ASSET_PATHS = "\"loginSwiftUIDemo/Preview Content\"";
				DEVELOPMENT_TEAM = 7328NRHXBW;
				ENABLE_PREVIEWS = YES;
				GENERATE_INFOPLIST_FILE = YES;
				INFOPLIST_FILE = loginSwiftUIDemo/Info.plist;
				INFOPLIST_KEY_UIApplicationSceneManifest_Generation = YES;
				INFOPLIST_KEY_UIApplicationSupportsIndirectInputEvents = YES;
				INFOPLIST_KEY_UILaunchScreen_Generation = YES;
				INFOPLIST_KEY_UISupportedInterfaceOrientations_iPad = "UIInterfaceOrientationPortrait UIInterfaceOrientationPortraitUpsideDown UIInterfaceOrientationLandscapeLeft UIInterfaceOrientationLandscapeRight";
				INFOPLIST_KEY_UISupportedInterfaceOrientations_iPhone = "UIInterfaceOrientationPortrait UIInterfaceOrientationLandscapeLeft UIInterfaceOrientationLandscapeRight";
				IPHONEOS_DEPLOYMENT_TARGET = 16.0;
				LD_RUNPATH_SEARCH_PATHS = (
					"$(inherited)",
					"@executable_path/Frameworks",
				);
				MARKETING_VERSION = 1.0;
				PRODUCT_BUNDLE_IDENTIFIER = swiftUiDemo.loginSwiftUIDemo;
				PRODUCT_NAME = "$(TARGET_NAME)";
				SWIFT_EMIT_LOC_STRINGS = YES;
				SWIFT_VERSION = 5.0;
				TARGETED_DEVICE_FAMILY = "1,2";
			};
			name = Release;
		};
/* End XCBuildConfiguration section */

/* Begin XCConfigurationList section */
		0426DF332A2E717500BB5790 /* Build configuration list for PBXProject "loginSwiftUIDemo" */ = {
			isa = XCConfigurationList;
			buildConfigurations = (
				0426DF442A2E717700BB5790 /* Debug */,
				0426DF452A2E717700BB5790 /* Release */,
			);
			defaultConfigurationIsVisible = 0;
			defaultConfigurationName = Release;
		};
		0426DF462A2E717700BB5790 /* Build configuration list for PBXNativeTarget "loginSwiftUIDemo" */ = {
			isa = XCConfigurationList;
			buildConfigurations = (
				0426DF472A2E717700BB5790 /* Debug */,
				0426DF482A2E717700BB5790 /* Release */,
			);
			defaultConfigurationIsVisible = 0;
			defaultConfigurationName = Release;
		};
/* End XCConfigurationList section */

/* Begin XCRemoteSwiftPackageReference section */
		0419BCCF2A325DF80079BFFF /* XCRemoteSwiftPackageReference "firebase-ios-sdk" */ = {
			isa = XCRemoteSwiftPackageReference;
			repositoryURL = "https://github.com/firebase/firebase-ios-sdk";
			requirement = {
				kind = upToNextMajorVersion;
				minimumVersion = 10.0.0;
			};
		};
/* End XCRemoteSwiftPackageReference section */

/* Begin XCSwiftPackageProductDependency section */
		0419BCD02A325DF80079BFFF /* FirebaseAnalytics */ = {
			isa = XCSwiftPackageProductDependency;
			package = 0419BCCF2A325DF80079BFFF /* XCRemoteSwiftPackageReference "firebase-ios-sdk" */;
			productName = FirebaseAnalytics;
		};
		0419BCD22A325DF80079BFFF /* FirebaseAnalyticsSwift */ = {
			isa = XCSwiftPackageProductDependency;
			package = 0419BCCF2A325DF80079BFFF /* XCRemoteSwiftPackageReference "firebase-ios-sdk" */;
			productName = FirebaseAnalyticsSwift;
		};
		0419BCD42A325DF80079BFFF /* FirebaseAuth */ = {
			isa = XCSwiftPackageProductDependency;
			package = 0419BCCF2A325DF80079BFFF /* XCRemoteSwiftPackageReference "firebase-ios-sdk" */;
			productName = FirebaseAuth;
		};
		0419BCD62A325DF80079BFFF /* FirebaseAuthCombine-Community */ = {
			isa = XCSwiftPackageProductDependency;
			package = 0419BCCF2A325DF80079BFFF /* XCRemoteSwiftPackageReference "firebase-ios-sdk" */;
			productName = "FirebaseAuthCombine-Community";
		};
		0419BCD82A325DF80079BFFF /* FirebaseDatabase */ = {
			isa = XCSwiftPackageProductDependency;
			package = 0419BCCF2A325DF80079BFFF /* XCRemoteSwiftPackageReference "firebase-ios-sdk" */;
			productName = FirebaseDatabase;
		};
		0419BCDA2A325DF80079BFFF /* FirebaseDatabaseSwift */ = {
			isa = XCSwiftPackageProductDependency;
			package = 0419BCCF2A325DF80079BFFF /* XCRemoteSwiftPackageReference "firebase-ios-sdk" */;
			productName = FirebaseDatabaseSwift;
		};
		0419BCDC2A325DF80079BFFF /* FirebaseFirestore */ = {
			isa = XCSwiftPackageProductDependency;
			package = 0419BCCF2A325DF80079BFFF /* XCRemoteSwiftPackageReference "firebase-ios-sdk" */;
			productName = FirebaseFirestore;
		};
		0419BCDE2A325DF80079BFFF /* FirebaseFirestoreCombine-Community */ = {
			isa = XCSwiftPackageProductDependency;
			package = 0419BCCF2A325DF80079BFFF /* XCRemoteSwiftPackageReference "firebase-ios-sdk" */;
			productName = "FirebaseFirestoreCombine-Community";
		};
		0419BCE02A325DF80079BFFF /* FirebaseFirestoreSwift */ = {
			isa = XCSwiftPackageProductDependency;
			package = 0419BCCF2A325DF80079BFFF /* XCRemoteSwiftPackageReference "firebase-ios-sdk" */;
			productName = FirebaseFirestoreSwift;
		};
		0419BCE22A325DF80079BFFF /* FirebaseMessaging */ = {
			isa = XCSwiftPackageProductDependency;
			package = 0419BCCF2A325DF80079BFFF /* XCRemoteSwiftPackageReference "firebase-ios-sdk" */;
			productName = FirebaseMessaging;
		};
		0419BCE42A325DF80079BFFF /* FirebaseStorage */ = {
			isa = XCSwiftPackageProductDependency;
			package = 0419BCCF2A325DF80079BFFF /* XCRemoteSwiftPackageReference "firebase-ios-sdk" */;
			productName = FirebaseStorage;
		};
		0419BCE62A325DF80079BFFF /* FirebaseStorageCombine-Community */ = {
			isa = XCSwiftPackageProductDependency;
			package = 0419BCCF2A325DF80079BFFF /* XCRemoteSwiftPackageReference "firebase-ios-sdk" */;
			productName = "FirebaseStorageCombine-Community";
		};
/* End XCSwiftPackageProductDependency section */
	};
	rootObject = 0426DF302A2E717500BB5790 /* Project object */;
}
